
Microsoft Visual Studio Solution File, Format Version 12.00
# Visual Studio Version 17
VisualStudioVersion = 17.0.31903.59
MinimumVisualStudioVersion = 10.0.40219.1
Project("{2150E333-8FDC-42A3-9474-1A3956D46DE8}") = "src", "src", "{D92A551E-78E9-4ACA-95D4-A96F240E8AE4}"
EndProject
Project("{9A19103F-16F7-4668-BE54-9A1E7A4F7556}") = "DapperNpa", "src\DapperNpa\DapperNpa.csproj", "{9A41E631-934C-4852-8D10-FA3F6CBDBFB4}"
EndProject
Project("{9A19103F-16F7-4668-BE54-9A1E7A4F7556}") = "DapperNpa.SourceGenerator", "src\DapperNpa.SourceGenerator\DapperNpa.SourceGenerator.csproj", "{F1467F8F-0F20-4561-84B1-6180DBCCC8B8}"
EndProject
Project("{9A19103F-16F7-4668-BE54-9A1E7A4F7556}") = "DapperNpa.Aspnet.Example", "src\DapperNpa.Aspnet.Example\DapperNpa.Aspnet.Example.csproj", "{0AB0EB13-3A5B-44C8-B69B-21F47F6466DB}"
EndProject
Global
	GlobalSection(SolutionConfigurationPlatforms) = preSolution
		Debug|Any CPU = Debug|Any CPU
		Release|Any CPU = Release|Any CPU
	EndGlobalSection
	GlobalSection(ProjectConfigurationPlatforms) = postSolution
		{9A41E631-934C-4852-8D10-FA3F6CBDBFB4}.Debug|Any CPU.ActiveCfg = Debug|Any CPU
		{9A41E631-934C-4852-8D10-FA3F6CBDBFB4}.Debug|Any CPU.Build.0 = Debug|Any CPU
		{9A41E631-934C-4852-8D10-FA3F6CBDBFB4}.Release|Any CPU.ActiveCfg = Release|Any CPU
		{9A41E631-934C-4852-8D10-FA3F6CBDBFB4}.Release|Any CPU.Build.0 = Release|Any CPU
		{F1467F8F-0F20-4561-84B1-6180DBCCC8B8}.Debug|Any CPU.ActiveCfg = Debug|Any CPU
		{F1467F8F-0F20-4561-84B1-6180DBCCC8B8}.Debug|Any CPU.Build.0 = Debug|Any CPU
		{F1467F8F-0F20-4561-84B1-6180DBCCC8B8}.Release|Any CPU.ActiveCfg = Release|Any CPU
		{F1467F8F-0F20-4561-84B1-6180DBCCC8B8}.Release|Any CPU.Build.0 = Release|Any CPU
		{0AB0EB13-3A5B-44C8-B69B-21F47F6466DB}.Debug|Any CPU.ActiveCfg = Debug|Any CPU
		{0AB0EB13-3A5B-44C8-B69B-21F47F6466DB}.Debug|Any CPU.Build.0 = Debug|Any CPU
		{0AB0EB13-3A5B-44C8-B69B-21F47F6466DB}.Release|Any CPU.ActiveCfg = Release|Any CPU
		{0AB0EB13-3A5B-44C8-B69B-21F47F6466DB}.Release|Any CPU.Build.0 = Release|Any CPU
	EndGlobalSection
	GlobalSection(SolutionProperties) = preSolution
		HideSolutionNode = FALSE
	EndGlobalSection
	GlobalSection(NestedProjects) = preSolution
		{9A41E631-934C-4852-8D10-FA3F6CBDBFB4} = {D92A551E-78E9-4ACA-95D4-A96F240E8AE4}
		{F1467F8F-0F20-4561-84B1-6180DBCCC8B8} = {D92A551E-78E9-4ACA-95D4-A96F240E8AE4}
		{0AB0EB13-3A5B-44C8-B69B-21F47F6466DB} = {D92A551E-78E9-4ACA-95D4-A96F240E8AE4}
	EndGlobalSection
EndGlobal
